
Microsoft Visual Studio Solution File, Format Version 12.00
# Visual Studio Version 16
VisualStudioVersion = 16.0.31605.320
MinimumVisualStudioVersion = 10.0.40219.1
Project("{FAE04EC0-301F-11D3-BF4B-00C04F79EFBC}") = "ILikeEmojis", "ILikeEmojis\ILikeEmojis.csproj", "{33D10A5D-32F0-49BA-A465-E3AC667F547B}"
EndProject
Global
	GlobalSection(SolutionConfigurationPlatforms) = preSolution
		Debug|Any CPU = Debug|Any CPU
		Release|Any CPU = Release|Any CPU
	EndGlobalSection
	GlobalSection(ProjectConfigurationPlatforms) = postSolution
		{33D10A5D-32F0-49BA-A465-E3AC667F547B}.Debug|Any CPU.ActiveCfg = Debug|Any CPU
		{33D10A5D-32F0-49BA-A465-E3AC667F547B}.Debug|Any CPU.Build.0 = Debug|Any CPU
		{33D10A5D-32F0-49BA-A465-E3AC667F547B}.Release|Any CPU.ActiveCfg = Release|Any CPU
		{33D10A5D-32F0-49BA-A465-E3AC667F547B}.Release|Any CPU.Build.0 = Release|Any CPU
	EndGlobalSection
	GlobalSection(SolutionProperties) = preSolution
		HideSolutionNode = FALSE
	EndGlobalSection
	GlobalSection(ExtensibilityGlobals) = postSolution
		SolutionGuid = {92592E04-A940-4470-8469-53A0296FD101}
	EndGlobalSection
EndGlobal
